<Solution>
  <Folder Name="/Buoi01/">
    <Project Path="Buoi01/Bai1_1/Bai1_1.csproj" />
    <Project Path="Buoi01/Bai1_2/Bai1_2.csproj" />
    <Project Path="Buoi01/Bai1_3/Bai1_3.csproj" />
    <Project Path="Buoi01/Bai1_4/Bai1_4.csproj" />
  </Folder>
  <Folder Name="/ThucHanh02/">
    <Project Path="ThucHanh02/Bai1_1/Bai1_1.csproj" />
    <Project Path="ThucHanh02/Bai1_2/Bai1_2.csproj" />
    <Project Path="ThucHanh02/Bai1_3/Bai1_3.csproj" />
    <Project Path="ThucHanh02/Bai1_4/Bai1_4.csproj" />
    <Project Path="ThucHanh02/Bai1_5/Bai1_5.csproj" />
    <Project Path="ThucHanh02/Bai2_2/Bai2_2.csproj" />
    <Project Path="ThucHanh02/Bai2_3/Bai2_3.csproj" />
    <Project Path="ThucHanh02/Bai2_4/Bai2_4.csproj" />
  </Folder>
  <Project Path="Buoi01Prj/Buoi01Prj.csproj" />
  <Project Path="MyLib.Tests/MyLib.Tests.csproj" />
  <Project Path="MyLib/MyLib.csproj" />
</Solution>
